// !$*UTF8*$!
{
	archiveVersion = 1;
	classes = {
	};
	objectVersion = 48;
	objects = {

/* Begin PBXBuildFile section */
		1611E7942EAFC458C915E459 /* Pods_QooveeSamples.framework in Frameworks */ = {isa = PBXBuildFile; fileRef = D7FBAE6C6D86CAC7F38C5F14 /* Pods_QooveeSamples.framework */; };
		F30F65D92050B7A900054620 /* Country.swift in Sources */ = {isa = PBXBuildFile; fileRef = F30F65D82050B7A900054620 /* Country.swift */; };
		F30F65DB2050BDE700054620 /* Colors.swift in Sources */ = {isa = PBXBuildFile; fileRef = F30F65DA2050BDE700054620 /* Colors.swift */; };
		F3218FE32051F8E30026837C /* ChooseCountryViewController.swift in Sources */ = {isa = PBXBuildFile; fileRef = F3218FE22051F8E30026837C /* ChooseCountryViewController.swift */; };
		F3218FE820520C130026837C /* ChooseServiceViewController.swift in Sources */ = {isa = PBXBuildFile; fileRef = F3218FE720520C130026837C /* ChooseServiceViewController.swift */; };
		F337D8212053185B00B87DD5 /* GradientButtonView.swift in Sources */ = {isa = PBXBuildFile; fileRef = F337D8202053185B00B87DD5 /* GradientButtonView.swift */; };
		F337D8232053243E00B87DD5 /* GradientHeaderView.swift in Sources */ = {isa = PBXBuildFile; fileRef = F337D8222053243E00B87DD5 /* GradientHeaderView.swift */; };
		F356098420516C3B00F9EF04 /* Extensions.swift in Sources */ = {isa = PBXBuildFile; fileRef = F356098320516C3B00F9EF04 /* Extensions.swift */; };
		F35DF71220542552006AE0F5 /* CountryUtil.swift in Sources */ = {isa = PBXBuildFile; fileRef = F35DF71120542552006AE0F5 /* CountryUtil.swift */; };
		F35DF71420543122006AE0F5 /* CountryLoginTableViewCell.swift in Sources */ = {isa = PBXBuildFile; fileRef = F35DF71320543122006AE0F5 /* CountryLoginTableViewCell.swift */; };
		F389B12E204ECAB500E56962 /* AppDelegate.swift in Sources */ = {isa = PBXBuildFile; fileRef = F389B12D204ECAB500E56962 /* AppDelegate.swift */; };
		F389B130204ECAB500E56962 /* ViewController.swift in Sources */ = {isa = PBXBuildFile; fileRef = F389B12F204ECAB500E56962 /* ViewController.swift */; };
		F389B133204ECAB500E56962 /* Main.storyboard in Resources */ = {isa = PBXBuildFile; fileRef = F389B131204ECAB500E56962 /* Main.storyboard */; };
		F389B135204ECAB500E56962 /* Assets.xcassets in Resources */ = {isa = PBXBuildFile; fileRef = F389B134204ECAB500E56962 /* Assets.xcassets */; };
		F389B138204ECAB500E56962 /* LaunchScreen.storyboard in Resources */ = {isa = PBXBuildFile; fileRef = F389B136204ECAB500E56962 /* LaunchScreen.storyboard */; };
		F3A582DE20503E6A00122975 /* CountryBaseTableViewCell.swift in Sources */ = {isa = PBXBuildFile; fileRef = F3A582DD20503E6A00122975 /* CountryBaseTableViewCell.swift */; };
/* End PBXBuildFile section */

/* Begin PBXFileReference section */
		32A611C1667F956C1D6D1371 /* Pods-QooveeSamples.release.xcconfig */ = {isa = PBXFileReference; includeInIndex = 1; lastKnownFileType = text.xcconfig; name = "Pods-QooveeSamples.release.xcconfig"; path = "Pods/Target Support Files/Pods-QooveeSamples/Pods-QooveeSamples.release.xcconfig"; sourceTree = "<group>"; };
		7C0DEAA7F2A08B09A0A356C4 /* Pods-QooveeSamples.debug.xcconfig */ = {isa = PBXFileReference; includeInIndex = 1; lastKnownFileType = text.xcconfig; name = "Pods-QooveeSamples.debug.xcconfig"; path = "Pods/Target Support Files/Pods-QooveeSamples/Pods-QooveeSamples.debug.xcconfig"; sourceTree = "<group>"; };
		D7FBAE6C6D86CAC7F38C5F14 /* Pods_QooveeSamples.framework */ = {isa = PBXFileReference; explicitFileType = wrapper.framework; includeInIndex = 0; path = Pods_QooveeSamples.framework; sourceTree = BUILT_PRODUCTS_DIR; };
		F30F65D82050B7A900054620 /* Country.swift */ = {isa = PBXFileReference; lastKnownFileType = sourcecode.swift; path = Country.swift; sourceTree = "<group>"; };
		F30F65DA2050BDE700054620 /* Colors.swift */ = {isa = PBXFileReference; lastKnownFileType = sourcecode.swift; path = Colors.swift; sourceTree = "<group>"; };
		F3218FE22051F8E30026837C /* ChooseCountryViewController.swift */ = {isa = PBXFileReference; lastKnownFileType = sourcecode.swift; path = ChooseCountryViewController.swift; sourceTree = "<group>"; };
		F3218FE720520C130026837C /* ChooseServiceViewController.swift */ = {isa = PBXFileReference; lastKnownFileType = sourcecode.swift; path = ChooseServiceViewController.swift; sourceTree = "<group>"; };
		F337D8202053185B00B87DD5 /* GradientButtonView.swift */ = {isa = PBXFileReference; lastKnownFileType = sourcecode.swift; path = GradientButtonView.swift; sourceTree = "<group>"; };
		F337D8222053243E00B87DD5 /* GradientHeaderView.swift */ = {isa = PBXFileReference; lastKnownFileType = sourcecode.swift; path = GradientHeaderView.swift; sourceTree = "<group>"; };
		F356098320516C3B00F9EF04 /* Extensions.swift */ = {isa = PBXFileReference; lastKnownFileType = sourcecode.swift; path = Extensions.swift; sourceTree = "<group>"; };
		F35DF71120542552006AE0F5 /* CountryUtil.swift */ = {isa = PBXFileReference; lastKnownFileType = sourcecode.swift; path = CountryUtil.swift; sourceTree = "<group>"; };
		F35DF71320543122006AE0F5 /* CountryLoginTableViewCell.swift */ = {isa = PBXFileReference; lastKnownFileType = sourcecode.swift; path = CountryLoginTableViewCell.swift; sourceTree = "<group>"; };
		F389B12A204ECAB500E56962 /* QooveeSamples.app */ = {isa = PBXFileReference; explicitFileType = wrapper.application; includeInIndex = 0; path = QooveeSamples.app; sourceTree = BUILT_PRODUCTS_DIR; };
		F389B12D204ECAB500E56962 /* AppDelegate.swift */ = {isa = PBXFileReference; lastKnownFileType = sourcecode.swift; path = AppDelegate.swift; sourceTree = "<group>"; };
		F389B12F204ECAB500E56962 /* ViewController.swift */ = {isa = PBXFileReference; lastKnownFileType = sourcecode.swift; path = ViewController.swift; sourceTree = "<group>"; };
		F389B132204ECAB500E56962 /* Base */ = {isa = PBXFileReference; lastKnownFileType = file.storyboard; name = Base; path = Base.lproj/Main.storyboard; sourceTree = "<group>"; };
		F389B134204ECAB500E56962 /* Assets.xcassets */ = {isa = PBXFileReference; lastKnownFileType = folder.assetcatalog; path = Assets.xcassets; sourceTree = "<group>"; };
		F389B137204ECAB500E56962 /* Base */ = {isa = PBXFileReference; lastKnownFileType = file.storyboard; name = Base; path = Base.lproj/LaunchScreen.storyboard; sourceTree = "<group>"; };
		F389B139204ECAB500E56962 /* Info.plist */ = {isa = PBXFileReference; lastKnownFileType = text.plist.xml; path = Info.plist; sourceTree = "<group>"; };
		F3A582DD20503E6A00122975 /* CountryBaseTableViewCell.swift */ = {isa = PBXFileReference; lastKnownFileType = sourcecode.swift; path = CountryBaseTableViewCell.swift; sourceTree = "<group>"; };
/* End PBXFileReference section */

/* Begin PBXFrameworksBuildPhase section */
		F389B127204ECAB500E56962 /* Frameworks */ = {
			isa = PBXFrameworksBuildPhase;
			buildActionMask = 2147483647;
			files = (
				1611E7942EAFC458C915E459 /* Pods_QooveeSamples.framework in Frameworks */,
			);
			runOnlyForDeploymentPostprocessing = 0;
		};
/* End PBXFrameworksBuildPhase section */

/* Begin PBXGroup section */
		2403817A046D48FCE427483A /* Pods */ = {
			isa = PBXGroup;
			children = (
				7C0DEAA7F2A08B09A0A356C4 /* Pods-QooveeSamples.debug.xcconfig */,
				32A611C1667F956C1D6D1371 /* Pods-QooveeSamples.release.xcconfig */,
			);
			name = Pods;
			sourceTree = "<group>";
		};
		778CE3858EDB69AA6C62A533 /* Frameworks */ = {
			isa = PBXGroup;
			children = (
				D7FBAE6C6D86CAC7F38C5F14 /* Pods_QooveeSamples.framework */,
			);
			name = Frameworks;
			sourceTree = "<group>";
		};
		F30F65D72050B79800054620 /* Models */ = {
			isa = PBXGroup;
			children = (
				F30F65D82050B7A900054620 /* Country.swift */,
			);
			path = Models;
			sourceTree = "<group>";
		};
		F30F65DC2050BDED00054620 /* Constants */ = {
			isa = PBXGroup;
			children = (
				F30F65DA2050BDE700054620 /* Colors.swift */,
			);
			path = Constants;
			sourceTree = "<group>";
		};
		F3218FE12051F85E0026837C /* Choose country(login) */ = {
			isa = PBXGroup;
			children = (
				F3218FE22051F8E30026837C /* ChooseCountryViewController.swift */,
			);
			path = "Choose country(login)";
			sourceTree = "<group>";
		};
		F3218FE620520BDC0026837C /* Choose Services */ = {
			isa = PBXGroup;
			children = (
				F3218FE720520C130026837C /* ChooseServiceViewController.swift */,
			);
			path = "Choose Services";
			sourceTree = "<group>";
		};
		F337D81F2053183A00B87DD5 /* Views */ = {
			isa = PBXGroup;
			children = (
				F3A582DD20503E6A00122975 /* CountryBaseTableViewCell.swift */,
				F337D8202053185B00B87DD5 /* GradientButtonView.swift */,
				F337D8222053243E00B87DD5 /* GradientHeaderView.swift */,
				F35DF71320543122006AE0F5 /* CountryLoginTableViewCell.swift */,
			);
			path = Views;
			sourceTree = "<group>";
		};
		F356098220516C2500F9EF04 /* Extensions */ = {
			isa = PBXGroup;
			children = (
				F356098320516C3B00F9EF04 /* Extensions.swift */,
			);
			path = Extensions;
			sourceTree = "<group>";
		};
		F35DF71020542544006AE0F5 /* Utils */ = {
			isa = PBXGroup;
			children = (
				F35DF71120542552006AE0F5 /* CountryUtil.swift */,
			);
			path = Utils;
			sourceTree = "<group>";
		};
		F389B121204ECAB500E56962 = {
			isa = PBXGroup;
			children = (
				F389B12C204ECAB500E56962 /* QooveeSamples */,
				F389B12B204ECAB500E56962 /* Products */,
				2403817A046D48FCE427483A /* Pods */,
				778CE3858EDB69AA6C62A533 /* Frameworks */,
			);
			sourceTree = "<group>";
		};
		F389B12B204ECAB500E56962 /* Products */ = {
			isa = PBXGroup;
			children = (
				F389B12A204ECAB500E56962 /* QooveeSamples.app */,
			);
			name = Products;
			sourceTree = "<group>";
		};
		F389B12C204ECAB500E56962 /* QooveeSamples */ = {
			isa = PBXGroup;
			children = (
				F35DF71020542544006AE0F5 /* Utils */,
				F30F65D72050B79800054620 /* Models */,
				F337D81F2053183A00B87DD5 /* Views */,
				F3218FE620520BDC0026837C /* Choose Services */,
				F3218FE12051F85E0026837C /* Choose country(login) */,
				F389B12D204ECAB500E56962 /* AppDelegate.swift */,
				F389B12F204ECAB500E56962 /* ViewController.swift */,
				F389B131204ECAB500E56962 /* Main.storyboard */,
				F389B134204ECAB500E56962 /* Assets.xcassets */,
				F389B136204ECAB500E56962 /* LaunchScreen.storyboard */,
				F389B139204ECAB500E56962 /* Info.plist */,
				F30F65DC2050BDED00054620 /* Constants */,
				F356098220516C2500F9EF04 /* Extensions */,
			);
			path = QooveeSamples;
			sourceTree = "<group>";
		};
/* End PBXGroup section */

/* Begin PBXNativeTarget section */
		F389B129204ECAB500E56962 /* QooveeSamples */ = {
			isa = PBXNativeTarget;
			buildConfigurationList = F389B13C204ECAB500E56962 /* Build configuration list for PBXNativeTarget "QooveeSamples" */;
			buildPhases = (
				81310F378D9D4E84EBF94749 /* [CP] Check Pods Manifest.lock */,
				F389B126204ECAB500E56962 /* Sources */,
				F389B127204ECAB500E56962 /* Frameworks */,
				F389B128204ECAB500E56962 /* Resources */,
				39458183ECD345D8BECA3621 /* [CP] Embed Pods Frameworks */,
				D6A2831550DB43C5DA5CB5F1 /* [CP] Copy Pods Resources */,
			);
			buildRules = (
			);
			dependencies = (
			);
			name = QooveeSamples;
			productName = QooveeSamples;
			productReference = F389B12A204ECAB500E56962 /* QooveeSamples.app */;
			productType = "com.apple.product-type.application";
		};
/* End PBXNativeTarget section */

/* Begin PBXProject section */
		F389B122204ECAB500E56962 /* Project object */ = {
			isa = PBXProject;
			attributes = {
				LastSwiftUpdateCheck = 0920;
				LastUpgradeCheck = 0920;
				ORGANIZATIONNAME = "Ulan Nurmamatov";
				TargetAttributes = {
					F389B129204ECAB500E56962 = {
						CreatedOnToolsVersion = 9.2;
						ProvisioningStyle = Automatic;
					};
				};
			};
			buildConfigurationList = F389B125204ECAB500E56962 /* Build configuration list for PBXProject "QooveeSamples" */;
			compatibilityVersion = "Xcode 8.0";
			developmentRegion = en;
			hasScannedForEncodings = 0;
			knownRegions = (
				en,
				Base,
			);
			mainGroup = F389B121204ECAB500E56962;
			productRefGroup = F389B12B204ECAB500E56962 /* Products */;
			projectDirPath = "";
			projectRoot = "";
			targets = (
				F389B129204ECAB500E56962 /* QooveeSamples */,
			);
		};
/* End PBXProject section */

/* Begin PBXResourcesBuildPhase section */
		F389B128204ECAB500E56962 /* Resources */ = {
			isa = PBXResourcesBuildPhase;
			buildActionMask = 2147483647;
			files = (
				F389B138204ECAB500E56962 /* LaunchScreen.storyboard in Resources */,
				F389B135204ECAB500E56962 /* Assets.xcassets in Resources */,
				F389B133204ECAB500E56962 /* Main.storyboard in Resources */,
			);
			runOnlyForDeploymentPostprocessing = 0;
		};
/* End PBXResourcesBuildPhase section */

/* Begin PBXShellScriptBuildPhase section */
		39458183ECD345D8BECA3621 /* [CP] Embed Pods Frameworks */ = {
			isa = PBXShellScriptBuildPhase;
			buildActionMask = 2147483647;
			files = (
			);
			inputPaths = (
				"${SRCROOT}/Pods/Target Support Files/Pods-QooveeSamples/Pods-QooveeSamples-frameworks.sh",
				"${BUILT_PRODUCTS_DIR}/PinLayout/PinLayout.framework",
			);
			name = "[CP] Embed Pods Frameworks";
			outputPaths = (
				"${TARGET_BUILD_DIR}/${FRAMEWORKS_FOLDER_PATH}/PinLayout.framework",
			);
			runOnlyForDeploymentPostprocessing = 0;
			shellPath = /bin/sh;
			shellScript = "\"${SRCROOT}/Pods/Target Support Files/Pods-QooveeSamples/Pods-QooveeSamples-frameworks.sh\"\n";
			showEnvVarsInLog = 0;
		};
		81310F378D9D4E84EBF94749 /* [CP] Check Pods Manifest.lock */ = {
			isa = PBXShellScriptBuildPhase;
			buildActionMask = 2147483647;
			files = (
			);
			inputPaths = (
				"${PODS_PODFILE_DIR_PATH}/Podfile.lock",
				"${PODS_ROOT}/Manifest.lock",
			);
			name = "[CP] Check Pods Manifest.lock";
			outputPaths = (
				"$(DERIVED_FILE_DIR)/Pods-QooveeSamples-checkManifestLockResult.txt",
			);
			runOnlyForDeploymentPostprocessing = 0;
			shellPath = /bin/sh;
			shellScript = "diff \"${PODS_PODFILE_DIR_PATH}/Podfile.lock\" \"${PODS_ROOT}/Manifest.lock\" > /dev/null\nif [ $? != 0 ] ; then\n    # print error to STDERR\n    echo \"error: The sandbox is not in sync with the Podfile.lock. Run 'pod install' or update your CocoaPods installation.\" >&2\n    exit 1\nfi\n# This output is used by Xcode 'outputs' to avoid re-running this script phase.\necho \"SUCCESS\" > \"${SCRIPT_OUTPUT_FILE_0}\"\n";
			showEnvVarsInLog = 0;
		};
		D6A2831550DB43C5DA5CB5F1 /* [CP] Copy Pods Resources */ = {
			isa = PBXShellScriptBuildPhase;
			buildActionMask = 2147483647;
			files = (
			);
			inputPaths = (
			);
			name = "[CP] Copy Pods Resources";
			outputPaths = (
			);
			runOnlyForDeploymentPostprocessing = 0;
			shellPath = /bin/sh;
			shellScript = "\"${SRCROOT}/Pods/Target Support Files/Pods-QooveeSamples/Pods-QooveeSamples-resources.sh\"\n";
			showEnvVarsInLog = 0;
		};
/* End PBXShellScriptBuildPhase section */

/* Begin PBXSourcesBuildPhase section */
		F389B126204ECAB500E56962 /* Sources */ = {
			isa = PBXSourcesBuildPhase;
			buildActionMask = 2147483647;
			files = (
				F3A582DE20503E6A00122975 /* CountryBaseTableViewCell.swift in Sources */,
				F3218FE820520C130026837C /* ChooseServiceViewController.swift in Sources */,
				F35DF71420543122006AE0F5 /* CountryLoginTableViewCell.swift in Sources */,
				F30F65DB2050BDE700054620 /* Colors.swift in Sources */,
				F389B130204ECAB500E56962 /* ViewController.swift in Sources */,
				F337D8212053185B00B87DD5 /* GradientButtonView.swift in Sources */,
				F35DF71220542552006AE0F5 /* CountryUtil.swift in Sources */,
				F30F65D92050B7A900054620 /* Country.swift in Sources */,
				F389B12E204ECAB500E56962 /* AppDelegate.swift in Sources */,
				F3218FE32051F8E30026837C /* ChooseCountryViewController.swift in Sources */,
				F356098420516C3B00F9EF04 /* Extensions.swift in Sources */,
				F337D8232053243E00B87DD5 /* GradientHeaderView.swift in Sources */,
			);
			runOnlyForDeploymentPostprocessing = 0;
		};
/* End PBXSourcesBuildPhase section */

/* Begin PBXVariantGroup section */
		F389B131204ECAB500E56962 /* Main.storyboard */ = {
			isa = PBXVariantGroup;
			children = (
				F389B132204ECAB500E56962 /* Base */,
			);
			name = Main.storyboard;
			sourceTree = "<group>";
		};
		F389B136204ECAB500E56962 /* LaunchScreen.storyboard */ = {
			isa = PBXVariantGroup;
			children = (
				F389B137204ECAB500E56962 /* Base */,
			);
			name = LaunchScreen.storyboard;
			sourceTree = "<group>";
		};
/* End PBXVariantGroup section */

/* Begin XCBuildConfiguration section */
		F389B13A204ECAB500E56962 /* Debug */ = {
			isa = XCBuildConfiguration;
			buildSettings = {
				ALWAYS_SEARCH_USER_PATHS = NO;
				CLANG_ANALYZER_NONNULL = YES;
				CLANG_ANALYZER_NUMBER_OBJECT_CONVERSION = YES_AGGRESSIVE;
				CLANG_CXX_LANGUAGE_STANDARD = "gnu++14";
				CLANG_CXX_LIBRARY = "libc++";
				CLANG_ENABLE_MODULES = YES;
				CLANG_ENABLE_OBJC_ARC = YES;
				CLANG_WARN_BLOCK_CAPTURE_AUTORELEASING = YES;
				CLANG_WARN_BOOL_CONVERSION = YES;
				CLANG_WARN_COMMA = YES;
				CLANG_WARN_CONSTANT_CONVERSION = YES;
				CLANG_WARN_DIRECT_OBJC_ISA_USAGE = YES_ERROR;
				CLANG_WARN_DOCUMENTATION_COMMENTS = YES;
				CLANG_WARN_EMPTY_BODY = YES;
				CLANG_WARN_ENUM_CONVERSION = YES;
				CLANG_WARN_INFINITE_RECURSION = YES;
				CLANG_WARN_INT_CONVERSION = YES;
				CLANG_WARN_NON_LITERAL_NULL_CONVERSION = YES;
				CLANG_WARN_OBJC_LITERAL_CONVERSION = YES;
				CLANG_WARN_OBJC_ROOT_CLASS = YES_ERROR;
				CLANG_WARN_RANGE_LOOP_ANALYSIS = YES;
				CLANG_WARN_STRICT_PROTOTYPES = YES;
				CLANG_WARN_SUSPICIOUS_MOVE = YES;
				CLANG_WARN_UNGUARDED_AVAILABILITY = YES_AGGRESSIVE;
				CLANG_WARN_UNREACHABLE_CODE = YES;
				CLANG_WARN__DUPLICATE_METHOD_MATCH = YES;
				CODE_SIGN_IDENTITY = "iPhone Developer";
				COPY_PHASE_STRIP = NO;
				DEBUG_INFORMATION_FORMAT = dwarf;
				ENABLE_STRICT_OBJC_MSGSEND = YES;
				ENABLE_TESTABILITY = YES;
				GCC_C_LANGUAGE_STANDARD = gnu11;
				GCC_DYNAMIC_NO_PIC = NO;
				GCC_NO_COMMON_BLOCKS = YES;
				GCC_OPTIMIZATION_LEVEL = 0;
				GCC_PREPROCESSOR_DEFINITIONS = (
					"DEBUG=1",
					"$(inherited)",
				);
				GCC_WARN_64_TO_32_BIT_CONVERSION = YES;
				GCC_WARN_ABOUT_RETURN_TYPE = YES_ERROR;
				GCC_WARN_UNDECLARED_SELECTOR = YES;
				GCC_WARN_UNINITIALIZED_AUTOS = YES_AGGRESSIVE;
				GCC_WARN_UNUSED_FUNCTION = YES;
				GCC_WARN_UNUSED_VARIABLE = YES;
				IPHONEOS_DEPLOYMENT_TARGET = 11.2;
				MTL_ENABLE_DEBUG_INFO = YES;
				ONLY_ACTIVE_ARCH = YES;
				SDKROOT = iphoneos;
				SWIFT_ACTIVE_COMPILATION_CONDITIONS = DEBUG;
				SWIFT_OPTIMIZATION_LEVEL = "-Onone";
			};
			name = Debug;
		};
		F389B13B204ECAB500E56962 /* Release */ = {
			isa = XCBuildConfiguration;
			buildSettings = {
				ALWAYS_SEARCH_USER_PATHS = NO;
				CLANG_ANALYZER_NONNULL = YES;
				CLANG_ANALYZER_NUMBER_OBJECT_CONVERSION = YES_AGGRESSIVE;
				CLANG_CXX_LANGUAGE_STANDARD = "gnu++14";
				CLANG_CXX_LIBRARY = "libc++";
				CLANG_ENABLE_MODULES = YES;
				CLANG_ENABLE_OBJC_ARC = YES;
				CLANG_WARN_BLOCK_CAPTURE_AUTORELEASING = YES;
				CLANG_WARN_BOOL_CONVERSION = YES;
				CLANG_WARN_COMMA = YES;
				CLANG_WARN_CONSTANT_CONVERSION = YES;
				CLANG_WARN_DIRECT_OBJC_ISA_USAGE = YES_ERROR;
				CLANG_WARN_DOCUMENTATION_COMMENTS = YES;
				CLANG_WARN_EMPTY_BODY = YES;
				CLANG_WARN_ENUM_CONVERSION = YES;
				CLANG_WARN_INFINITE_RECURSION = YES;
				CLANG_WARN_INT_CONVERSION = YES;
				CLANG_WARN_NON_LITERAL_NULL_CONVERSION = YES;
				CLANG_WARN_OBJC_LITERAL_CONVERSION = YES;
				CLANG_WARN_OBJC_ROOT_CLASS = YES_ERROR;
				CLANG_WARN_RANGE_LOOP_ANALYSIS = YES;
				CLANG_WARN_STRICT_PROTOTYPES = YES;
				CLANG_WARN_SUSPICIOUS_MOVE = YES;
				CLANG_WARN_UNGUARDED_AVAILABILITY = YES_AGGRESSIVE;
				CLANG_WARN_UNREACHABLE_CODE = YES;
				CLANG_WARN__DUPLICATE_METHOD_MATCH = YES;
				CODE_SIGN_IDENTITY = "iPhone Developer";
				COPY_PHASE_STRIP = NO;
				DEBUG_INFORMATION_FORMAT = "dwarf-with-dsym";
				ENABLE_NS_ASSERTIONS = NO;
				ENABLE_STRICT_OBJC_MSGSEND = YES;
				GCC_C_LANGUAGE_STANDARD = gnu11;
				GCC_NO_COMMON_BLOCKS = YES;
				GCC_WARN_64_TO_32_BIT_CONVERSION = YES;
				GCC_WARN_ABOUT_RETURN_TYPE = YES_ERROR;
				GCC_WARN_UNDECLARED_SELECTOR = YES;
				GCC_WARN_UNINITIALIZED_AUTOS = YES_AGGRESSIVE;
				GCC_WARN_UNUSED_FUNCTION = YES;
				GCC_WARN_UNUSED_VARIABLE = YES;
				IPHONEOS_DEPLOYMENT_TARGET = 11.2;
				MTL_ENABLE_DEBUG_INFO = NO;
				SDKROOT = iphoneos;
				SWIFT_OPTIMIZATION_LEVEL = "-Owholemodule";
				VALIDATE_PRODUCT = YES;
			};
			name = Release;
		};
		F389B13D204ECAB500E56962 /* Debug */ = {
			isa = XCBuildConfiguration;
			baseConfigurationReference = 7C0DEAA7F2A08B09A0A356C4 /* Pods-QooveeSamples.debug.xcconfig */;
			buildSettings = {
				ASSETCATALOG_COMPILER_APPICON_NAME = AppIcon;
				CODE_SIGN_STYLE = Automatic;
				DEVELOPMENT_TEAM = GR23PPY338;
				INFOPLIST_FILE = QooveeSamples/Info.plist;
				LD_RUNPATH_SEARCH_PATHS = "$(inherited) @executable_path/Frameworks";
				PRODUCT_BUNDLE_IDENTIFIER = com.learning.QooveeSamples;
				PRODUCT_NAME = "$(TARGET_NAME)";
				SWIFT_VERSION = 4.0;
				TARGETED_DEVICE_FAMILY = "1,2";
			};
			name = Debug;
		};
		F389B13E204ECAB500E56962 /* Release */ = {
			isa = XCBuildConfiguration;
			baseConfigurationReference = 32A611C1667F956C1D6D1371 /* Pods-QooveeSamples.release.xcconfig */;
			buildSettings = {
				ASSETCATALOG_COMPILER_APPICON_NAME = AppIcon;
				CODE_SIGN_STYLE = Automatic;
				DEVELOPMENT_TEAM = GR23PPY338;
				INFOPLIST_FILE = QooveeSamples/Info.plist;
				LD_RUNPATH_SEARCH_PATHS = "$(inherited) @executable_path/Frameworks";
				PRODUCT_BUNDLE_IDENTIFIER = com.learning.QooveeSamples;
				PRODUCT_NAME = "$(TARGET_NAME)";
				SWIFT_VERSION = 4.0;
				TARGETED_DEVICE_FAMILY = "1,2";
			};
			name = Release;
		};
/* End XCBuildConfiguration section */

/* Begin XCConfigurationList section */
		F389B125204ECAB500E56962 /* Build configuration list for PBXProject "QooveeSamples" */ = {
			isa = XCConfigurationList;
			buildConfigurations = (
				F389B13A204ECAB500E56962 /* Debug */,
				F389B13B204ECAB500E56962 /* Release */,
			);
			defaultConfigurationIsVisible = 0;
			defaultConfigurationName = Release;
		};
		F389B13C204ECAB500E56962 /* Build configuration list for PBXNativeTarget "QooveeSamples" */ = {
			isa = XCConfigurationList;
			buildConfigurations = (
				F389B13D204ECAB500E56962 /* Debug */,
				F389B13E204ECAB500E56962 /* Release */,
			);
			defaultConfigurationIsVisible = 0;
			defaultConfigurationName = Release;
		};
/* End XCConfigurationList section */
	};
	rootObject = F389B122204ECAB500E56962 /* Project object */;
}
